
Microsoft Visual Studio Solution File, Format Version 12.00
# Visual Studio Version 17
VisualStudioVersion = 17.1.32421.90
MinimumVisualStudioVersion = 10.0.40219.1
Project("{FAE04EC0-301F-11D3-BF4B-00C04F79EFBC}") = "ClinicaExames.UWP", "ClinicaExames\ClinicaExames.UWP\ClinicaExames.UWP.csproj", "{BB4E4678-2246-4A4A-BC58-DE78EBF10ECF}"
EndProject
Project("{FAE04EC0-301F-11D3-BF4B-00C04F79EFBC}") = "ClinicaExames.Android", "ClinicaExames\ClinicaExames.Android\ClinicaExames.Android.csproj", "{39413F4A-1FF6-4458-8CD4-DAF9C7E2F540}"
EndProject
Project("{FAE04EC0-301F-11D3-BF4B-00C04F79EFBC}") = "ClinicaExames.iOS", "ClinicaExames\ClinicaExames.iOS\ClinicaExames.iOS.csproj", "{3119E8EE-FD07-42CE-8AE0-85FC7E4E9B26}"
EndProject
Project("{FAE04EC0-301F-11D3-BF4B-00C04F79EFBC}") = "ClinicaExames", "ClinicaExames\ClinicaExames\ClinicaExames.csproj", "{A905D188-E682-45F2-9F80-5B479CE443A6}"
EndProject
Global
	GlobalSection(SolutionConfigurationPlatforms) = preSolution
		Debug|Any CPU = Debug|Any CPU
		Debug|ARM = Debug|ARM
		Debug|iPhone = Debug|iPhone
		Debug|iPhoneSimulator = Debug|iPhoneSimulator
		Debug|x64 = Debug|x64
		Debug|x86 = Debug|x86
		Release|Any CPU = Release|Any CPU
		Release|ARM = Release|ARM
		Release|iPhone = Release|iPhone
		Release|iPhoneSimulator = Release|iPhoneSimulator
		Release|x64 = Release|x64
		Release|x86 = Release|x86
	EndGlobalSection
	GlobalSection(ProjectConfigurationPlatforms) = postSolution
		{BB4E4678-2246-4A4A-BC58-DE78EBF10ECF}.Debug|Any CPU.ActiveCfg = Debug|x64
		{BB4E4678-2246-4A4A-BC58-DE78EBF10ECF}.Debug|Any CPU.Build.0 = Debug|x64
		{BB4E4678-2246-4A4A-BC58-DE78EBF10ECF}.Debug|Any CPU.Deploy.0 = Debug|x64
		{BB4E4678-2246-4A4A-BC58-DE78EBF10ECF}.Debug|ARM.ActiveCfg = Debug|ARM
		{BB4E4678-2246-4A4A-BC58-DE78EBF10ECF}.Debug|ARM.Build.0 = Debug|ARM
		{BB4E4678-2246-4A4A-BC58-DE78EBF10ECF}.Debug|ARM.Deploy.0 = Debug|ARM
		{BB4E4678-2246-4A4A-BC58-DE78EBF10ECF}.Debug|iPhone.ActiveCfg = Debug|x64
		{BB4E4678-2246-4A4A-BC58-DE78EBF10ECF}.Debug|iPhone.Build.0 = Debug|x64
		{BB4E4678-2246-4A4A-BC58-DE78EBF10ECF}.Debug|iPhone.Deploy.0 = Debug|x64
		{BB4E4678-2246-4A4A-BC58-DE78EBF10ECF}.Debug|iPhoneSimulator.ActiveCfg = Debug|x64
		{BB4E4678-2246-4A4A-BC58-DE78EBF10ECF}.Debug|iPhoneSimulator.Build.0 = Debug|x64
		{BB4E4678-2246-4A4A-BC58-DE78EBF10ECF}.Debug|iPhoneSimulator.Deploy.0 = Debug|x64
		{BB4E4678-2246-4A4A-BC58-DE78EBF10ECF}.Debug|x64.ActiveCfg = Debug|x64
		{BB4E4678-2246-4A4A-BC58-DE78EBF10ECF}.Debug|x64.Build.0 = Debug|x64
		{BB4E4678-2246-4A4A-BC58-DE78EBF10ECF}.Debug|x64.Deploy.0 = Debug|x64
		{BB4E4678-2246-4A4A-BC58-DE78EBF10ECF}.Debug|x86.ActiveCfg = Debug|x86
		{BB4E4678-2246-4A4A-BC58-DE78EBF10ECF}.Debug|x86.Build.0 = Debug|x86
		{BB4E4678-2246-4A4A-BC58-DE78EBF10ECF}.Debug|x86.Deploy.0 = Debug|x86
		{BB4E4678-2246-4A4A-BC58-DE78EBF10ECF}.Release|Any CPU.ActiveCfg = Release|x64
		{BB4E4678-2246-4A4A-BC58-DE78EBF10ECF}.Release|Any CPU.Build.0 = Release|x64
		{BB4E4678-2246-4A4A-BC58-DE78EBF10ECF}.Release|Any CPU.Deploy.0 = Release|x64
		{BB4E4678-2246-4A4A-BC58-DE78EBF10ECF}.Release|ARM.ActiveCfg = Release|ARM
		{BB4E4678-2246-4A4A-BC58-DE78EBF10ECF}.Release|ARM.Build.0 = Release|ARM
		{BB4E4678-2246-4A4A-BC58-DE78EBF10ECF}.Release|ARM.Deploy.0 = Release|ARM
		{BB4E4678-2246-4A4A-BC58-DE78EBF10ECF}.Release|iPhone.ActiveCfg = Release|x64
		{BB4E4678-2246-4A4A-BC58-DE78EBF10ECF}.Release|iPhone.Build.0 = Release|x64
		{BB4E4678-2246-4A4A-BC58-DE78EBF10ECF}.Release|iPhone.Deploy.0 = Release|x64
		{BB4E4678-2246-4A4A-BC58-DE78EBF10ECF}.Release|iPhoneSimulator.ActiveCfg = Release|x64
		{BB4E4678-2246-4A4A-BC58-DE78EBF10ECF}.Release|iPhoneSimulator.Build.0 = Release|x64
		{BB4E4678-2246-4A4A-BC58-DE78EBF10ECF}.Release|iPhoneSimulator.Deploy.0 = Release|x64
		{BB4E4678-2246-4A4A-BC58-DE78EBF10ECF}.Release|x64.ActiveCfg = Release|x64
		{BB4E4678-2246-4A4A-BC58-DE78EBF10ECF}.Release|x64.Build.0 = Release|x64
		{BB4E4678-2246-4A4A-BC58-DE78EBF10ECF}.Release|x64.Deploy.0 = Release|x64
		{BB4E4678-2246-4A4A-BC58-DE78EBF10ECF}.Release|x86.ActiveCfg = Release|x86
		{BB4E4678-2246-4A4A-BC58-DE78EBF10ECF}.Release|x86.Build.0 = Release|x86
		{BB4E4678-2246-4A4A-BC58-DE78EBF10ECF}.Release|x86.Deploy.0 = Release|x86
		{39413F4A-1FF6-4458-8CD4-DAF9C7E2F540}.Debug|Any CPU.ActiveCfg = Debug|Any CPU
		{39413F4A-1FF6-4458-8CD4-DAF9C7E2F540}.Debug|Any CPU.Build.0 = Debug|Any CPU
		{39413F4A-1FF6-4458-8CD4-DAF9C7E2F540}.Debug|Any CPU.Deploy.0 = Debug|Any CPU
		{39413F4A-1FF6-4458-8CD4-DAF9C7E2F540}.Debug|ARM.ActiveCfg = Debug|Any CPU
		{39413F4A-1FF6-4458-8CD4-DAF9C7E2F540}.Debug|ARM.Build.0 = Debug|Any CPU
		{39413F4A-1FF6-4458-8CD4-DAF9C7E2F540}.Debug|ARM.Deploy.0 = Debug|Any CPU
		{39413F4A-1FF6-4458-8CD4-DAF9C7E2F540}.Debug|iPhone.ActiveCfg = Debug|Any CPU
		{39413F4A-1FF6-4458-8CD4-DAF9C7E2F540}.Debug|iPhone.Build.0 = Debug|Any CPU
		{39413F4A-1FF6-4458-8CD4-DAF9C7E2F540}.Debug|iPhone.Deploy.0 = Debug|Any CPU
		{39413F4A-1FF6-4458-8CD4-DAF9C7E2F540}.Debug|iPhoneSimulator.ActiveCfg = Debug|Any CPU
		{39413F4A-1FF6-4458-8CD4-DAF9C7E2F540}.Debug|iPhoneSimulator.Build.0 = Debug|Any CPU
		{39413F4A-1FF6-4458-8CD4-DAF9C7E2F540}.Debug|iPhoneSimulator.Deploy.0 = Debug|Any CPU
		{39413F4A-1FF6-4458-8CD4-DAF9C7E2F540}.Debug|x64.ActiveCfg = Debug|Any CPU
		{39413F4A-1FF6-4458-8CD4-DAF9C7E2F540}.Debug|x64.Build.0 = Debug|Any CPU
		{39413F4A-1FF6-4458-8CD4-DAF9C7E2F540}.Debug|x64.Deploy.0 = Debug|Any CPU
		{39413F4A-1FF6-4458-8CD4-DAF9C7E2F540}.Debug|x86.ActiveCfg = Debug|Any CPU
		{39413F4A-1FF6-4458-8CD4-DAF9C7E2F540}.Debug|x86.Build.0 = Debug|Any CPU
		{39413F4A-1FF6-4458-8CD4-DAF9C7E2F540}.Debug|x86.Deploy.0 = Debug|Any CPU
		{39413F4A-1FF6-4458-8CD4-DAF9C7E2F540}.Release|Any CPU.ActiveCfg = Release|Any CPU
		{39413F4A-1FF6-4458-8CD4-DAF9C7E2F540}.Release|Any CPU.Build.0 = Release|Any CPU
		{39413F4A-1FF6-4458-8CD4-DAF9C7E2F540}.Release|Any CPU.Deploy.0 = Release|Any CPU
		{39413F4A-1FF6-4458-8CD4-DAF9C7E2F540}.Release|ARM.ActiveCfg = Release|Any CPU
		{39413F4A-1FF6-4458-8CD4-DAF9C7E2F540}.Release|ARM.Build.0 = Release|Any CPU
		{39413F4A-1FF6-4458-8CD4-DAF9C7E2F540}.Release|ARM.Deploy.0 = Release|Any CPU
		{39413F4A-1FF6-4458-8CD4-DAF9C7E2F540}.Release|iPhone.ActiveCfg = Release|Any CPU
		{39413F4A-1FF6-4458-8CD4-DAF9C7E2F540}.Release|iPhone.Build.0 = Release|Any CPU
		{39413F4A-1FF6-4458-8CD4-DAF9C7E2F540}.Release|iPhone.Deploy.0 = Release|Any CPU
		{39413F4A-1FF6-4458-8CD4-DAF9C7E2F540}.Release|iPhoneSimulator.ActiveCfg = Release|Any CPU
		{39413F4A-1FF6-4458-8CD4-DAF9C7E2F540}.Release|iPhoneSimulator.Build.0 = Release|Any CPU
		{39413F4A-1FF6-4458-8CD4-DAF9C7E2F540}.Release|iPhoneSimulator.Deploy.0 = Release|Any CPU
		{39413F4A-1FF6-4458-8CD4-DAF9C7E2F540}.Release|x64.ActiveCfg = Release|Any CPU
		{39413F4A-1FF6-4458-8CD4-DAF9C7E2F540}.Release|x64.Build.0 = Release|Any CPU
		{39413F4A-1FF6-4458-8CD4-DAF9C7E2F540}.Release|x64.Deploy.0 = Release|Any CPU
		{39413F4A-1FF6-4458-8CD4-DAF9C7E2F540}.Release|x86.ActiveCfg = Release|Any CPU
		{39413F4A-1FF6-4458-8CD4-DAF9C7E2F540}.Release|x86.Build.0 = Release|Any CPU
		{39413F4A-1FF6-4458-8CD4-DAF9C7E2F540}.Release|x86.Deploy.0 = Release|Any CPU
		{3119E8EE-FD07-42CE-8AE0-85FC7E4E9B26}.Debug|Any CPU.ActiveCfg = Debug|iPhoneSimulator
		{3119E8EE-FD07-42CE-8AE0-85FC7E4E9B26}.Debug|Any CPU.Build.0 = Debug|iPhoneSimulator
		{3119E8EE-FD07-42CE-8AE0-85FC7E4E9B26}.Debug|Any CPU.Deploy.0 = Debug|iPhoneSimulator
		{3119E8EE-FD07-42CE-8AE0-85FC7E4E9B26}.Debug|ARM.ActiveCfg = Debug|iPhoneSimulator
		{3119E8EE-FD07-42CE-8AE0-85FC7E4E9B26}.Debug|ARM.Build.0 = Debug|iPhoneSimulator
		{3119E8EE-FD07-42CE-8AE0-85FC7E4E9B26}.Debug|ARM.Deploy.0 = Debug|iPhoneSimulator
		{3119E8EE-FD07-42CE-8AE0-85FC7E4E9B26}.Debug|iPhone.ActiveCfg = Debug|iPhone
		{3119E8EE-FD07-42CE-8AE0-85FC7E4E9B26}.Debug|iPhone.Build.0 = Debug|iPhone
		{3119E8EE-FD07-42CE-8AE0-85FC7E4E9B26}.Debug|iPhone.Deploy.0 = Debug|iPhone
		{3119E8EE-FD07-42CE-8AE0-85FC7E4E9B26}.Debug|iPhoneSimulator.ActiveCfg = Debug|iPhoneSimulator
		{3119E8EE-FD07-42CE-8AE0-85FC7E4E9B26}.Debug|iPhoneSimulator.Build.0 = Debug|iPhoneSimulator
		{3119E8EE-FD07-42CE-8AE0-85FC7E4E9B26}.Debug|iPhoneSimulator.Deploy.0 = Debug|iPhoneSimulator
		{3119E8EE-FD07-42CE-8AE0-85FC7E4E9B26}.Debug|x64.ActiveCfg = Debug|iPhone
		{3119E8EE-FD07-42CE-8AE0-85FC7E4E9B26}.Debug|x64.Build.0 = Debug|iPhone
		{3119E8EE-FD07-42CE-8AE0-85FC7E4E9B26}.Debug|x64.Deploy.0 = Debug|iPhone
		{3119E8EE-FD07-42CE-8AE0-85FC7E4E9B26}.Debug|x86.ActiveCfg = Debug|iPhoneSimulator
		{3119E8EE-FD07-42CE-8AE0-85FC7E4E9B26}.Debug|x86.Build.0 = Debug|iPhoneSimulator
		{3119E8EE-FD07-42CE-8AE0-85FC7E4E9B26}.Debug|x86.Deploy.0 = Debug|iPhoneSimulator
		{3119E8EE-FD07-42CE-8AE0-85FC7E4E9B26}.Release|Any CPU.ActiveCfg = Release|iPhoneSimulator
		{3119E8EE-FD07-42CE-8AE0-85FC7E4E9B26}.Release|Any CPU.Build.0 = Release|iPhoneSimulator
		{3119E8EE-FD07-42CE-8AE0-85FC7E4E9B26}.Release|Any CPU.Deploy.0 = Release|iPhoneSimulator
		{3119E8EE-FD07-42CE-8AE0-85FC7E4E9B26}.Release|ARM.ActiveCfg = Release|iPhoneSimulator
		{3119E8EE-FD07-42CE-8AE0-85FC7E4E9B26}.Release|ARM.Build.0 = Release|iPhoneSimulator
		{3119E8EE-FD07-42CE-8AE0-85FC7E4E9B26}.Release|ARM.Deploy.0 = Release|iPhoneSimulator
		{3119E8EE-FD07-42CE-8AE0-85FC7E4E9B26}.Release|iPhone.ActiveCfg = Release|iPhone
		{3119E8EE-FD07-42CE-8AE0-85FC7E4E9B26}.Release|iPhone.Build.0 = Release|iPhone
		{3119E8EE-FD07-42CE-8AE0-85FC7E4E9B26}.Release|iPhone.Deploy.0 = Release|iPhone
		{3119E8EE-FD07-42CE-8AE0-85FC7E4E9B26}.Release|iPhoneSimulator.ActiveCfg = Release|iPhoneSimulator
		{3119E8EE-FD07-42CE-8AE0-85FC7E4E9B26}.Release|iPhoneSimulator.Build.0 = Release|iPhoneSimulator
		{3119E8EE-FD07-42CE-8AE0-85FC7E4E9B26}.Release|iPhoneSimulator.Deploy.0 = Release|iPhoneSimulator
		{3119E8EE-FD07-42CE-8AE0-85FC7E4E9B26}.Release|x64.ActiveCfg = Release|iPhoneSimulator
		{3119E8EE-FD07-42CE-8AE0-85FC7E4E9B26}.Release|x64.Build.0 = Release|iPhoneSimulator
		{3119E8EE-FD07-42CE-8AE0-85FC7E4E9B26}.Release|x64.Deploy.0 = Release|iPhoneSimulator
		{3119E8EE-FD07-42CE-8AE0-85FC7E4E9B26}.Release|x86.ActiveCfg = Release|iPhoneSimulator
		{3119E8EE-FD07-42CE-8AE0-85FC7E4E9B26}.Release|x86.Build.0 = Release|iPhoneSimulator
		{3119E8EE-FD07-42CE-8AE0-85FC7E4E9B26}.Release|x86.Deploy.0 = Release|iPhoneSimulator
		{A905D188-E682-45F2-9F80-5B479CE443A6}.Debug|Any CPU.ActiveCfg = Debug|Any CPU
		{A905D188-E682-45F2-9F80-5B479CE443A6}.Debug|Any CPU.Build.0 = Debug|Any CPU
		{A905D188-E682-45F2-9F80-5B479CE443A6}.Debug|Any CPU.Deploy.0 = Debug|Any CPU
		{A905D188-E682-45F2-9F80-5B479CE443A6}.Debug|ARM.ActiveCfg = Debug|Any CPU
		{A905D188-E682-45F2-9F80-5B479CE443A6}.Debug|ARM.Build.0 = Debug|Any CPU
		{A905D188-E682-45F2-9F80-5B479CE443A6}.Debug|ARM.Deploy.0 = Debug|Any CPU
		{A905D188-E682-45F2-9F80-5B479CE443A6}.Debug|iPhone.ActiveCfg = Debug|Any CPU
		{A905D188-E682-45F2-9F80-5B479CE443A6}.Debug|iPhone.Build.0 = Debug|Any CPU
		{A905D188-E682-45F2-9F80-5B479CE443A6}.Debug|iPhone.Deploy.0 = Debug|Any CPU
		{A905D188-E682-45F2-9F80-5B479CE443A6}.Debug|iPhoneSimulator.ActiveCfg = Debug|Any CPU
		{A905D188-E682-45F2-9F80-5B479CE443A6}.Debug|iPhoneSimulator.Build.0 = Debug|Any CPU
		{A905D188-E682-45F2-9F80-5B479CE443A6}.Debug|iPhoneSimulator.Deploy.0 = Debug|Any CPU
		{A905D188-E682-45F2-9F80-5B479CE443A6}.Debug|x64.ActiveCfg = Debug|Any CPU
		{A905D188-E682-45F2-9F80-5B479CE443A6}.Debug|x64.Build.0 = Debug|Any CPU
		{A905D188-E682-45F2-9F80-5B479CE443A6}.Debug|x64.Deploy.0 = Debug|Any CPU
		{A905D188-E682-45F2-9F80-5B479CE443A6}.Debug|x86.ActiveCfg = Debug|Any CPU
		{A905D188-E682-45F2-9F80-5B479CE443A6}.Debug|x86.Build.0 = Debug|Any CPU
		{A905D188-E682-45F2-9F80-5B479CE443A6}.Debug|x86.Deploy.0 = Debug|Any CPU
		{A905D188-E682-45F2-9F80-5B479CE443A6}.Release|Any CPU.ActiveCfg = Release|Any CPU
		{A905D188-E682-45F2-9F80-5B479CE443A6}.Release|Any CPU.Build.0 = Release|Any CPU
		{A905D188-E682-45F2-9F80-5B479CE443A6}.Release|Any CPU.Deploy.0 = Release|Any CPU
		{A905D188-E682-45F2-9F80-5B479CE443A6}.Release|ARM.ActiveCfg = Release|Any CPU
		{A905D188-E682-45F2-9F80-5B479CE443A6}.Release|ARM.Build.0 = Release|Any CPU
		{A905D188-E682-45F2-9F80-5B479CE443A6}.Release|ARM.Deploy.0 = Release|Any CPU
		{A905D188-E682-45F2-9F80-5B479CE443A6}.Release|iPhone.ActiveCfg = Release|Any CPU
		{A905D188-E682-45F2-9F80-5B479CE443A6}.Release|iPhone.Build.0 = Release|Any CPU
		{A905D188-E682-45F2-9F80-5B479CE443A6}.Release|iPhone.Deploy.0 = Release|Any CPU
		{A905D188-E682-45F2-9F80-5B479CE443A6}.Release|iPhoneSimulator.ActiveCfg = Release|Any CPU
		{A905D188-E682-45F2-9F80-5B479CE443A6}.Release|iPhoneSimulator.Build.0 = Release|Any CPU
		{A905D188-E682-45F2-9F80-5B479CE443A6}.Release|iPhoneSimulator.Deploy.0 = Release|Any CPU
		{A905D188-E682-45F2-9F80-5B479CE443A6}.Release|x64.ActiveCfg = Release|Any CPU
		{A905D188-E682-45F2-9F80-5B479CE443A6}.Release|x64.Build.0 = Release|Any CPU
		{A905D188-E682-45F2-9F80-5B479CE443A6}.Release|x64.Deploy.0 = Release|Any CPU
		{A905D188-E682-45F2-9F80-5B479CE443A6}.Release|x86.ActiveCfg = Release|Any CPU
		{A905D188-E682-45F2-9F80-5B479CE443A6}.Release|x86.Build.0 = Release|Any CPU
		{A905D188-E682-45F2-9F80-5B479CE443A6}.Release|x86.Deploy.0 = Release|Any CPU
	EndGlobalSection
	GlobalSection(SolutionProperties) = preSolution
		HideSolutionNode = FALSE
	EndGlobalSection
	GlobalSection(ExtensibilityGlobals) = postSolution
		SolutionGuid = {A572A497-51BA-42AC-B5CD-6255FD8789E5}
	EndGlobalSection
EndGlobal
